
Microsoft Visual Studio Solution File, Format Version 12.00
# Visual Studio Version 17
VisualStudioVersion = 17.0.31912.275
MinimumVisualStudioVersion = 10.0.40219.1
Project("{2150E333-8FDC-42A3-9474-1A3956D46DE8}") = "FrontEnd", "FrontEnd", "{2A30BE3B-BD15-4DD9-A6F4-BDB0BB062E91}"
EndProject
Project("{2150E333-8FDC-42A3-9474-1A3956D46DE8}") = "Services", "Services", "{D7757358-1A10-4288-BE31-DB0AC2976E69}"
EndProject
Project("{FAE04EC0-301F-11D3-BF4B-00C04F79EFBC}") = "Mango.Web", "Mango.Web\Mango.Web.csproj", "{C7FD4E33-A14A-41E0-91C3-A8D0CE779F15}"
EndProject
Project("{FAE04EC0-301F-11D3-BF4B-00C04F79EFBC}") = "Mango.Services.ProductApi", "Mango.Services.ProductApi\Mango.Services.ProductApi.csproj", "{2A50A95E-201C-46D4-9E2F-FD6372F6C8E3}"
EndProject
Project("{FAE04EC0-301F-11D3-BF4B-00C04F79EFBC}") = "Mango.Services.Identity", "Mango.Services.Identity\Mango.Services.Identity.csproj", "{7955505E-1AE4-47E1-B55F-33B0C4E0C49A}"
EndProject
Project("{FAE04EC0-301F-11D3-BF4B-00C04F79EFBC}") = "Mango.Services.ShoppingCartApi", "Mango.Services.ShoppingCartApi\Mango.Services.ShoppingCartApi.csproj", "{B8028258-68BF-4EB0-9469-DC6373216A3B}"
EndProject
Global
	GlobalSection(SolutionConfigurationPlatforms) = preSolution
		Debug|Any CPU = Debug|Any CPU
		Release|Any CPU = Release|Any CPU
	EndGlobalSection
	GlobalSection(ProjectConfigurationPlatforms) = postSolution
		{C7FD4E33-A14A-41E0-91C3-A8D0CE779F15}.Debug|Any CPU.ActiveCfg = Debug|Any CPU
		{C7FD4E33-A14A-41E0-91C3-A8D0CE779F15}.Debug|Any CPU.Build.0 = Debug|Any CPU
		{C7FD4E33-A14A-41E0-91C3-A8D0CE779F15}.Release|Any CPU.ActiveCfg = Release|Any CPU
		{C7FD4E33-A14A-41E0-91C3-A8D0CE779F15}.Release|Any CPU.Build.0 = Release|Any CPU
		{2A50A95E-201C-46D4-9E2F-FD6372F6C8E3}.Debug|Any CPU.ActiveCfg = Debug|Any CPU
		{2A50A95E-201C-46D4-9E2F-FD6372F6C8E3}.Debug|Any CPU.Build.0 = Debug|Any CPU
		{2A50A95E-201C-46D4-9E2F-FD6372F6C8E3}.Release|Any CPU.ActiveCfg = Release|Any CPU
		{2A50A95E-201C-46D4-9E2F-FD6372F6C8E3}.Release|Any CPU.Build.0 = Release|Any CPU
		{7955505E-1AE4-47E1-B55F-33B0C4E0C49A}.Debug|Any CPU.ActiveCfg = Debug|Any CPU
		{7955505E-1AE4-47E1-B55F-33B0C4E0C49A}.Debug|Any CPU.Build.0 = Debug|Any CPU
		{7955505E-1AE4-47E1-B55F-33B0C4E0C49A}.Release|Any CPU.ActiveCfg = Release|Any CPU
		{7955505E-1AE4-47E1-B55F-33B0C4E0C49A}.Release|Any CPU.Build.0 = Release|Any CPU
		{B8028258-68BF-4EB0-9469-DC6373216A3B}.Debug|Any CPU.ActiveCfg = Debug|Any CPU
		{B8028258-68BF-4EB0-9469-DC6373216A3B}.Debug|Any CPU.Build.0 = Debug|Any CPU
		{B8028258-68BF-4EB0-9469-DC6373216A3B}.Release|Any CPU.ActiveCfg = Release|Any CPU
		{B8028258-68BF-4EB0-9469-DC6373216A3B}.Release|Any CPU.Build.0 = Release|Any CPU
	EndGlobalSection
	GlobalSection(SolutionProperties) = preSolution
		HideSolutionNode = FALSE
	EndGlobalSection
	GlobalSection(NestedProjects) = preSolution
		{C7FD4E33-A14A-41E0-91C3-A8D0CE779F15} = {2A30BE3B-BD15-4DD9-A6F4-BDB0BB062E91}
		{2A50A95E-201C-46D4-9E2F-FD6372F6C8E3} = {D7757358-1A10-4288-BE31-DB0AC2976E69}
		{7955505E-1AE4-47E1-B55F-33B0C4E0C49A} = {D7757358-1A10-4288-BE31-DB0AC2976E69}
		{B8028258-68BF-4EB0-9469-DC6373216A3B} = {D7757358-1A10-4288-BE31-DB0AC2976E69}
	EndGlobalSection
	GlobalSection(ExtensibilityGlobals) = postSolution
		SolutionGuid = {ADDA6E34-9329-4878-8276-8F49F16BEA87}
	EndGlobalSection
EndGlobal
